
Microsoft Visual Studio Solution File, Format Version 12.00
# Visual Studio Version 16
VisualStudioVersion = 16.0.31402.337
MinimumVisualStudioVersion = 10.0.40219.1
Project("{FAE04EC0-301F-11D3-BF4B-00C04F79EFBC}") = "Alaric.Api", "Alaric.Api\Alaric.Api.csproj", "{0792C492-E579-4C01-A148-EE91AAC685AD}"
EndProject
Project("{FAE04EC0-301F-11D3-BF4B-00C04F79EFBC}") = "Alaric.DB", "Alaric.DB\Alaric.DB.csproj", "{288275A7-55F0-4FAD-ABDE-ADB3C5A0643F}"
EndProject
Global
	GlobalSection(SolutionConfigurationPlatforms) = preSolution
		Debug|Any CPU = Debug|Any CPU
		Release|Any CPU = Release|Any CPU
	EndGlobalSection
	GlobalSection(ProjectConfigurationPlatforms) = postSolution
		{0792C492-E579-4C01-A148-EE91AAC685AD}.Debug|Any CPU.ActiveCfg = Debug|Any CPU
		{0792C492-E579-4C01-A148-EE91AAC685AD}.Debug|Any CPU.Build.0 = Debug|Any CPU
		{0792C492-E579-4C01-A148-EE91AAC685AD}.Release|Any CPU.ActiveCfg = Release|Any CPU
		{0792C492-E579-4C01-A148-EE91AAC685AD}.Release|Any CPU.Build.0 = Release|Any CPU
		{288275A7-55F0-4FAD-ABDE-ADB3C5A0643F}.Debug|Any CPU.ActiveCfg = Debug|Any CPU
		{288275A7-55F0-4FAD-ABDE-ADB3C5A0643F}.Debug|Any CPU.Build.0 = Debug|Any CPU
		{288275A7-55F0-4FAD-ABDE-ADB3C5A0643F}.Release|Any CPU.ActiveCfg = Release|Any CPU
		{288275A7-55F0-4FAD-ABDE-ADB3C5A0643F}.Release|Any CPU.Build.0 = Release|Any CPU
	EndGlobalSection
	GlobalSection(SolutionProperties) = preSolution
		HideSolutionNode = FALSE
	EndGlobalSection
	GlobalSection(ExtensibilityGlobals) = postSolution
		SolutionGuid = {06E1937A-FFCD-4B5C-859A-8DAAB531F8BD}
	EndGlobalSection
EndGlobal
